
Microsoft Visual Studio Solution File, Format Version 12.00
# Visual Studio Version 16
VisualStudioVersion = 16.0.810.20
MinimumVisualStudioVersion = 10.0.40219.1
Project("{FAE04EC0-301F-11D3-BF4B-00C04F79EFBC}") = "test3", "test3\test3.csproj", "{FDAA5126-D95C-4C6F-91C5-6B6CF7824852}"
EndProject
Project("{FAE04EC0-301F-11D3-BF4B-00C04F79EFBC}") = "test3.UITests", "test3.UITests\test3.UITests.csproj", "{F8E30975-7745-4480-87A1-379894258534}"
EndProject
Global
	GlobalSection(SolutionConfigurationPlatforms) = preSolution
		Debug|iPhoneSimulator = Debug|iPhoneSimulator
		Release|iPhoneSimulator = Release|iPhoneSimulator
		Debug|iPhone = Debug|iPhone
		Release|iPhone = Release|iPhone
		Debug|Any CPU = Debug|Any CPU
		Release|Any CPU = Release|Any CPU
	EndGlobalSection
	GlobalSection(ProjectConfigurationPlatforms) = postSolution
		{FDAA5126-D95C-4C6F-91C5-6B6CF7824852}.Debug|iPhoneSimulator.ActiveCfg = Debug|iPhoneSimulator
		{FDAA5126-D95C-4C6F-91C5-6B6CF7824852}.Debug|iPhoneSimulator.Build.0 = Debug|iPhoneSimulator
		{FDAA5126-D95C-4C6F-91C5-6B6CF7824852}.Release|iPhoneSimulator.ActiveCfg = Release|iPhoneSimulator
		{FDAA5126-D95C-4C6F-91C5-6B6CF7824852}.Release|iPhoneSimulator.Build.0 = Release|iPhoneSimulator
		{FDAA5126-D95C-4C6F-91C5-6B6CF7824852}.Debug|iPhone.ActiveCfg = Debug|iPhone
		{FDAA5126-D95C-4C6F-91C5-6B6CF7824852}.Debug|iPhone.Build.0 = Debug|iPhone
		{FDAA5126-D95C-4C6F-91C5-6B6CF7824852}.Release|iPhone.ActiveCfg = Release|iPhone
		{FDAA5126-D95C-4C6F-91C5-6B6CF7824852}.Release|iPhone.Build.0 = Release|iPhone
		{FDAA5126-D95C-4C6F-91C5-6B6CF7824852}.Debug|Any CPU.ActiveCfg = Debug|iPhoneSimulator
		{FDAA5126-D95C-4C6F-91C5-6B6CF7824852}.Debug|Any CPU.Build.0 = Debug|iPhoneSimulator
		{FDAA5126-D95C-4C6F-91C5-6B6CF7824852}.Release|Any CPU.ActiveCfg = Release|iPhoneSimulator
		{FDAA5126-D95C-4C6F-91C5-6B6CF7824852}.Release|Any CPU.Build.0 = Release|iPhoneSimulator
		{F8E30975-7745-4480-87A1-379894258534}.Debug|iPhoneSimulator.ActiveCfg = Debug|Any CPU
		{F8E30975-7745-4480-87A1-379894258534}.Debug|iPhoneSimulator.Build.0 = Debug|Any CPU
		{F8E30975-7745-4480-87A1-379894258534}.Release|iPhoneSimulator.ActiveCfg = Release|Any CPU
		{F8E30975-7745-4480-87A1-379894258534}.Release|iPhoneSimulator.Build.0 = Release|Any CPU
		{F8E30975-7745-4480-87A1-379894258534}.Debug|iPhone.ActiveCfg = Debug|Any CPU
		{F8E30975-7745-4480-87A1-379894258534}.Debug|iPhone.Build.0 = Debug|Any CPU
		{F8E30975-7745-4480-87A1-379894258534}.Release|iPhone.ActiveCfg = Release|Any CPU
		{F8E30975-7745-4480-87A1-379894258534}.Release|iPhone.Build.0 = Release|Any CPU
		{F8E30975-7745-4480-87A1-379894258534}.Debug|Any CPU.ActiveCfg = Debug|Any CPU
		{F8E30975-7745-4480-87A1-379894258534}.Debug|Any CPU.Build.0 = Debug|Any CPU
		{F8E30975-7745-4480-87A1-379894258534}.Release|Any CPU.ActiveCfg = Release|Any CPU
		{F8E30975-7745-4480-87A1-379894258534}.Release|Any CPU.Build.0 = Release|Any CPU
	EndGlobalSection
	GlobalSection(SolutionProperties) = preSolution
		HideSolutionNode = FALSE
	EndGlobalSection
	GlobalSection(ExtensibilityGlobals) = postSolution
		SolutionGuid = {397CB84C-6B02-42F0-A483-B002869C13BE}
	EndGlobalSection
EndGlobal
